// !$*UTF8*$!
{
	archiveVersion = 1;
	classes = {
	};
	objectVersion = 51;
	objects = {

/* Begin PBXBuildFile section */
		86E5E7CEB27113128339CB38 /* Pods_Doc_Scanner.framework in Frameworks */ = {isa = PBXBuildFile; fileRef = 30ECF0828DB45B993E2FD75E /* Pods_Doc_Scanner.framework */; };
		FF66756A25A7284F00EBBD09 /* AppDelegate.swift in Sources */ = {isa = PBXBuildFile; fileRef = FF66756925A7284F00EBBD09 /* AppDelegate.swift */; };
		FF66756C25A7284F00EBBD09 /* SceneDelegate.swift in Sources */ = {isa = PBXBuildFile; fileRef = FF66756B25A7284F00EBBD09 /* SceneDelegate.swift */; };
		FF66757125A7284F00EBBD09 /* Main.storyboard in Resources */ = {isa = PBXBuildFile; fileRef = FF66756F25A7284F00EBBD09 /* Main.storyboard */; };
		FF66757325A7285100EBBD09 /* Assets.xcassets in Resources */ = {isa = PBXBuildFile; fileRef = FF66757225A7285100EBBD09 /* Assets.xcassets */; };
		FF66757625A7285100EBBD09 /* LaunchScreen.storyboard in Resources */ = {isa = PBXBuildFile; fileRef = FF66757425A7285100EBBD09 /* LaunchScreen.storyboard */; };
		FF701D3A25AC6AFE0029BA84 /* EditVC.swift in Sources */ = {isa = PBXBuildFile; fileRef = FF701D3925AC6AFE0029BA84 /* EditVC.swift */; };
		FF701D4825AC76BA0029BA84 /* EditVCHelper.swift in Sources */ = {isa = PBXBuildFile; fileRef = FF701D4725AC76BA0029BA84 /* EditVCHelper.swift */; };
		FF7BFA0225A74427009FAC7A /* CustomDesign.swift in Sources */ = {isa = PBXBuildFile; fileRef = FF7BFA0125A74427009FAC7A /* CustomDesign.swift */; };
		FF7BFA1225A749DE009FAC7A /* HomeVCHelper.swift in Sources */ = {isa = PBXBuildFile; fileRef = FF7BFA1125A749DE009FAC7A /* HomeVCHelper.swift */; };
		FF7BFA5425A7AA79009FAC7A /* ScannerVC.swift in Sources */ = {isa = PBXBuildFile; fileRef = FF7BFA5325A7AA79009FAC7A /* ScannerVC.swift */; };
		FF7BFA5A25A7BCE7009FAC7A /* ScannerVCHelper.swift in Sources */ = {isa = PBXBuildFile; fileRef = FF7BFA5925A7BCE7009FAC7A /* ScannerVCHelper.swift */; };
		FFE80BBF25A9969F005A2A29 /* FolderTVCell.swift in Sources */ = {isa = PBXBuildFile; fileRef = FFE80BBD25A9969F005A2A29 /* FolderTVCell.swift */; };
		FFE80BC025A9969F005A2A29 /* FolderTVCell.xib in Resources */ = {isa = PBXBuildFile; fileRef = FFE80BBE25A9969F005A2A29 /* FolderTVCell.xib */; };
		FFE80BC625A9CB2D005A2A29 /* DocumentCVCell.swift in Sources */ = {isa = PBXBuildFile; fileRef = FFE80BC425A9CB2D005A2A29 /* DocumentCVCell.swift */; };
		FFE80BC725A9CB2D005A2A29 /* DocumentCVCell.xib in Resources */ = {isa = PBXBuildFile; fileRef = FFE80BC525A9CB2D005A2A29 /* DocumentCVCell.xib */; };
		FFF325A925A73BED0064D4AE /* HomeVC.swift in Sources */ = {isa = PBXBuildFile; fileRef = FFF325A825A73BED0064D4AE /* HomeVC.swift */; };
/* End PBXBuildFile section */

/* Begin PBXFileReference section */
		30ECF0828DB45B993E2FD75E /* Pods_Doc_Scanner.framework */ = {isa = PBXFileReference; explicitFileType = wrapper.framework; includeInIndex = 0; path = Pods_Doc_Scanner.framework; sourceTree = BUILT_PRODUCTS_DIR; };
		B9EE893C7FB67C82DD20D5C0 /* Pods-Doc Scanner.debug.xcconfig */ = {isa = PBXFileReference; includeInIndex = 1; lastKnownFileType = text.xcconfig; name = "Pods-Doc Scanner.debug.xcconfig"; path = "Target Support Files/Pods-Doc Scanner/Pods-Doc Scanner.debug.xcconfig"; sourceTree = "<group>"; };
		CB03E4E4E0DFD86317FD3382 /* Pods-Doc Scanner.release.xcconfig */ = {isa = PBXFileReference; includeInIndex = 1; lastKnownFileType = text.xcconfig; name = "Pods-Doc Scanner.release.xcconfig"; path = "Target Support Files/Pods-Doc Scanner/Pods-Doc Scanner.release.xcconfig"; sourceTree = "<group>"; };
		FF66756625A7284F00EBBD09 /* Doc Scanner.app */ = {isa = PBXFileReference; explicitFileType = wrapper.application; includeInIndex = 0; path = "Doc Scanner.app"; sourceTree = BUILT_PRODUCTS_DIR; };
		FF66756925A7284F00EBBD09 /* AppDelegate.swift */ = {isa = PBXFileReference; lastKnownFileType = sourcecode.swift; path = AppDelegate.swift; sourceTree = "<group>"; };
		FF66756B25A7284F00EBBD09 /* SceneDelegate.swift */ = {isa = PBXFileReference; lastKnownFileType = sourcecode.swift; path = SceneDelegate.swift; sourceTree = "<group>"; };
		FF66757025A7284F00EBBD09 /* Base */ = {isa = PBXFileReference; lastKnownFileType = file.storyboard; name = Base; path = Base.lproj/Main.storyboard; sourceTree = "<group>"; };
		FF66757225A7285100EBBD09 /* Assets.xcassets */ = {isa = PBXFileReference; lastKnownFileType = folder.assetcatalog; path = Assets.xcassets; sourceTree = "<group>"; };
		FF66757525A7285100EBBD09 /* Base */ = {isa = PBXFileReference; lastKnownFileType = file.storyboard; name = Base; path = Base.lproj/LaunchScreen.storyboard; sourceTree = "<group>"; };
		FF66757725A7285100EBBD09 /* Info.plist */ = {isa = PBXFileReference; lastKnownFileType = text.plist.xml; path = Info.plist; sourceTree = "<group>"; };
		FF701D3925AC6AFE0029BA84 /* EditVC.swift */ = {isa = PBXFileReference; lastKnownFileType = sourcecode.swift; path = EditVC.swift; sourceTree = "<group>"; };
		FF701D4725AC76BA0029BA84 /* EditVCHelper.swift */ = {isa = PBXFileReference; lastKnownFileType = sourcecode.swift; path = EditVCHelper.swift; sourceTree = "<group>"; };
		FF7BFA0125A74427009FAC7A /* CustomDesign.swift */ = {isa = PBXFileReference; lastKnownFileType = sourcecode.swift; path = CustomDesign.swift; sourceTree = "<group>"; };
		FF7BFA1125A749DE009FAC7A /* HomeVCHelper.swift */ = {isa = PBXFileReference; lastKnownFileType = sourcecode.swift; path = HomeVCHelper.swift; sourceTree = "<group>"; };
		FF7BFA5325A7AA79009FAC7A /* ScannerVC.swift */ = {isa = PBXFileReference; lastKnownFileType = sourcecode.swift; path = ScannerVC.swift; sourceTree = "<group>"; };
		FF7BFA5925A7BCE7009FAC7A /* ScannerVCHelper.swift */ = {isa = PBXFileReference; lastKnownFileType = sourcecode.swift; path = ScannerVCHelper.swift; sourceTree = "<group>"; };
		FFE80BBD25A9969F005A2A29 /* FolderTVCell.swift */ = {isa = PBXFileReference; lastKnownFileType = sourcecode.swift; path = FolderTVCell.swift; sourceTree = "<group>"; };
		FFE80BBE25A9969F005A2A29 /* FolderTVCell.xib */ = {isa = PBXFileReference; lastKnownFileType = file.xib; path = FolderTVCell.xib; sourceTree = "<group>"; };
		FFE80BC425A9CB2D005A2A29 /* DocumentCVCell.swift */ = {isa = PBXFileReference; lastKnownFileType = sourcecode.swift; path = DocumentCVCell.swift; sourceTree = "<group>"; };
		FFE80BC525A9CB2D005A2A29 /* DocumentCVCell.xib */ = {isa = PBXFileReference; lastKnownFileType = file.xib; path = DocumentCVCell.xib; sourceTree = "<group>"; };
		FFF325A825A73BED0064D4AE /* HomeVC.swift */ = {isa = PBXFileReference; lastKnownFileType = sourcecode.swift; path = HomeVC.swift; sourceTree = "<group>"; };
/* End PBXFileReference section */

/* Begin PBXFrameworksBuildPhase section */
		FF66756325A7284F00EBBD09 /* Frameworks */ = {
			isa = PBXFrameworksBuildPhase;
			buildActionMask = 2147483647;
			files = (
				86E5E7CEB27113128339CB38 /* Pods_Doc_Scanner.framework in Frameworks */,
			);
			runOnlyForDeploymentPostprocessing = 0;
		};
/* End PBXFrameworksBuildPhase section */

/* Begin PBXGroup section */
		B5E2283603B7199BA3CEA956 /* Frameworks */ = {
			isa = PBXGroup;
			children = (
				30ECF0828DB45B993E2FD75E /* Pods_Doc_Scanner.framework */,
			);
			name = Frameworks;
			sourceTree = "<group>";
		};
		EF15410FAB3334692663807E /* Pods */ = {
			isa = PBXGroup;
			children = (
				B9EE893C7FB67C82DD20D5C0 /* Pods-Doc Scanner.debug.xcconfig */,
				CB03E4E4E0DFD86317FD3382 /* Pods-Doc Scanner.release.xcconfig */,
			);
			path = Pods;
			sourceTree = "<group>";
		};
		FF66755D25A7284F00EBBD09 = {
			isa = PBXGroup;
			children = (
				FF66756825A7284F00EBBD09 /* Doc Scanner */,
				FF66756725A7284F00EBBD09 /* Products */,
				EF15410FAB3334692663807E /* Pods */,
				B5E2283603B7199BA3CEA956 /* Frameworks */,
			);
			sourceTree = "<group>";
		};
		FF66756725A7284F00EBBD09 /* Products */ = {
			isa = PBXGroup;
			children = (
				FF66756625A7284F00EBBD09 /* Doc Scanner.app */,
			);
			name = Products;
			sourceTree = "<group>";
		};
		FF66756825A7284F00EBBD09 /* Doc Scanner */ = {
			isa = PBXGroup;
			children = (
				FFF325A725A73B9F0064D4AE /* Model */,
				FFF325A625A73B990064D4AE /* View */,
				FFF325A525A73B960064D4AE /* Controller */,
				FFF325A325A73B900064D4AE /* Support */,
				FF66757225A7285100EBBD09 /* Assets.xcassets */,
				FF66757725A7285100EBBD09 /* Info.plist */,
			);
			path = "Doc Scanner";
			sourceTree = "<group>";
		};
		FF701D3825AC6AD00029BA84 /* Edit */ = {
			isa = PBXGroup;
			children = (
				FF701D3925AC6AFE0029BA84 /* EditVC.swift */,
				FF701D4725AC76BA0029BA84 /* EditVCHelper.swift */,
			);
			path = Edit;
			sourceTree = "<group>";
		};
		FF7BFA5225A7AA54009FAC7A /* Scanner */ = {
			isa = PBXGroup;
			children = (
				FF7BFA5325A7AA79009FAC7A /* ScannerVC.swift */,
				FF7BFA5925A7BCE7009FAC7A /* ScannerVCHelper.swift */,
			);
			path = Scanner;
			sourceTree = "<group>";
		};
		FFF325A325A73B900064D4AE /* Support */ = {
			isa = PBXGroup;
			children = (
				FF66756925A7284F00EBBD09 /* AppDelegate.swift */,
				FF66756B25A7284F00EBBD09 /* SceneDelegate.swift */,
				FF7BFA0125A74427009FAC7A /* CustomDesign.swift */,
			);
			path = Support;
			sourceTree = "<group>";
		};
		FFF325A525A73B960064D4AE /* Controller */ = {
			isa = PBXGroup;
			children = (
				FFF325B425A73DC50064D4AE /* Home */,
				FF7BFA5225A7AA54009FAC7A /* Scanner */,
				FF701D3825AC6AD00029BA84 /* Edit */,
			);
			path = Controller;
			sourceTree = "<group>";
		};
		FFF325A625A73B990064D4AE /* View */ = {
			isa = PBXGroup;
			children = (
				FF66757425A7285100EBBD09 /* LaunchScreen.storyboard */,
				FF66756F25A7284F00EBBD09 /* Main.storyboard */,
			);
			path = View;
			sourceTree = "<group>";
		};
		FFF325A725A73B9F0064D4AE /* Model */ = {
			isa = PBXGroup;
			children = (
			);
			path = Model;
			sourceTree = "<group>";
		};
		FFF325B425A73DC50064D4AE /* Home */ = {
			isa = PBXGroup;
			children = (
				FFF325A825A73BED0064D4AE /* HomeVC.swift */,
				FF7BFA1125A749DE009FAC7A /* HomeVCHelper.swift */,
				FFE80BBD25A9969F005A2A29 /* FolderTVCell.swift */,
				FFE80BBE25A9969F005A2A29 /* FolderTVCell.xib */,
				FFE80BC425A9CB2D005A2A29 /* DocumentCVCell.swift */,
				FFE80BC525A9CB2D005A2A29 /* DocumentCVCell.xib */,
			);
			path = Home;
			sourceTree = "<group>";
		};
/* End PBXGroup section */

/* Begin PBXNativeTarget section */
		FF66756525A7284F00EBBD09 /* Doc Scanner */ = {
			isa = PBXNativeTarget;
			buildConfigurationList = FF66757A25A7285100EBBD09 /* Build configuration list for PBXNativeTarget "Doc Scanner" */;
			buildPhases = (
				7825A1FCD7BA4C9B56C595C0 /* [CP] Check Pods Manifest.lock */,
				FF66756225A7284F00EBBD09 /* Sources */,
				FF66756325A7284F00EBBD09 /* Frameworks */,
				FF66756425A7284F00EBBD09 /* Resources */,
				898C1B305DF84C1FC9376C56 /* [CP] Embed Pods Frameworks */,
			);
			buildRules = (
			);
			dependencies = (
			);
			name = "Doc Scanner";
			productName = "Doc Scanner";
			productReference = FF66756625A7284F00EBBD09 /* Doc Scanner.app */;
			productType = "com.apple.product-type.application";
		};
/* End PBXNativeTarget section */

/* Begin PBXProject section */
		FF66755E25A7284F00EBBD09 /* Project object */ = {
			isa = PBXProject;
			attributes = {
				LastSwiftUpdateCheck = 1230;
				LastUpgradeCheck = 1230;
				TargetAttributes = {
					FF66756525A7284F00EBBD09 = {
						CreatedOnToolsVersion = 12.3;
					};
				};
			};
			buildConfigurationList = FF66756125A7284F00EBBD09 /* Build configuration list for PBXProject "Doc Scanner" */;
			compatibilityVersion = "Xcode 9.3";
			developmentRegion = en;
			hasScannedForEncodings = 0;
			knownRegions = (
				en,
				Base,
			);
			mainGroup = FF66755D25A7284F00EBBD09;
			productRefGroup = FF66756725A7284F00EBBD09 /* Products */;
			projectDirPath = "";
			projectRoot = "";
			targets = (
				FF66756525A7284F00EBBD09 /* Doc Scanner */,
			);
		};
/* End PBXProject section */

/* Begin PBXResourcesBuildPhase section */
		FF66756425A7284F00EBBD09 /* Resources */ = {
			isa = PBXResourcesBuildPhase;
			buildActionMask = 2147483647;
			files = (
				FF66757625A7285100EBBD09 /* LaunchScreen.storyboard in Resources */,
				FF66757325A7285100EBBD09 /* Assets.xcassets in Resources */,
				FFE80BC725A9CB2D005A2A29 /* DocumentCVCell.xib in Resources */,
				FF66757125A7284F00EBBD09 /* Main.storyboard in Resources */,
				FFE80BC025A9969F005A2A29 /* FolderTVCell.xib in Resources */,
			);
			runOnlyForDeploymentPostprocessing = 0;
		};
/* End PBXResourcesBuildPhase section */

/* Begin PBXShellScriptBuildPhase section */
		7825A1FCD7BA4C9B56C595C0 /* [CP] Check Pods Manifest.lock */ = {
			isa = PBXShellScriptBuildPhase;
			buildActionMask = 2147483647;
			files = (
			);
			inputFileListPaths = (
			);
			inputPaths = (
				"${PODS_PODFILE_DIR_PATH}/Podfile.lock",
				"${PODS_ROOT}/Manifest.lock",
			);
			name = "[CP] Check Pods Manifest.lock";
			outputFileListPaths = (
			);
			outputPaths = (
				"$(DERIVED_FILE_DIR)/Pods-Doc Scanner-checkManifestLockResult.txt",
			);
			runOnlyForDeploymentPostprocessing = 0;
			shellPath = /bin/sh;
			shellScript = "diff \"${PODS_PODFILE_DIR_PATH}/Podfile.lock\" \"${PODS_ROOT}/Manifest.lock\" > /dev/null\nif [ $? != 0 ] ; then\n    # print error to STDERR\n    echo \"error: The sandbox is not in sync with the Podfile.lock. Run 'pod install' or update your CocoaPods installation.\" >&2\n    exit 1\nfi\n# This output is used by Xcode 'outputs' to avoid re-running this script phase.\necho \"SUCCESS\" > \"${SCRIPT_OUTPUT_FILE_0}\"\n";
			showEnvVarsInLog = 0;
		};
		898C1B305DF84C1FC9376C56 /* [CP] Embed Pods Frameworks */ = {
			isa = PBXShellScriptBuildPhase;
			buildActionMask = 2147483647;
			files = (
			);
			inputFileListPaths = (
				"${PODS_ROOT}/Target Support Files/Pods-Doc Scanner/Pods-Doc Scanner-frameworks-${CONFIGURATION}-input-files.xcfilelist",
			);
			name = "[CP] Embed Pods Frameworks";
			outputFileListPaths = (
				"${PODS_ROOT}/Target Support Files/Pods-Doc Scanner/Pods-Doc Scanner-frameworks-${CONFIGURATION}-output-files.xcfilelist",
			);
			runOnlyForDeploymentPostprocessing = 0;
			shellPath = /bin/sh;
			shellScript = "\"${PODS_ROOT}/Target Support Files/Pods-Doc Scanner/Pods-Doc Scanner-frameworks.sh\"\n";
			showEnvVarsInLog = 0;
		};
/* End PBXShellScriptBuildPhase section */

/* Begin PBXSourcesBuildPhase section */
		FF66756225A7284F00EBBD09 /* Sources */ = {
			isa = PBXSourcesBuildPhase;
			buildActionMask = 2147483647;
			files = (
				FF66756A25A7284F00EBBD09 /* AppDelegate.swift in Sources */,
				FF7BFA5425A7AA79009FAC7A /* ScannerVC.swift in Sources */,
				FFE80BC625A9CB2D005A2A29 /* DocumentCVCell.swift in Sources */,
				FF7BFA1225A749DE009FAC7A /* HomeVCHelper.swift in Sources */,
				FFE80BBF25A9969F005A2A29 /* FolderTVCell.swift in Sources */,
				FF66756C25A7284F00EBBD09 /* SceneDelegate.swift in Sources */,
				FF701D3A25AC6AFE0029BA84 /* EditVC.swift in Sources */,
				FF7BFA5A25A7BCE7009FAC7A /* ScannerVCHelper.swift in Sources */,
				FF7BFA0225A74427009FAC7A /* CustomDesign.swift in Sources */,
				FFF325A925A73BED0064D4AE /* HomeVC.swift in Sources */,
				FF701D4825AC76BA0029BA84 /* EditVCHelper.swift in Sources */,
			);
			runOnlyForDeploymentPostprocessing = 0;
		};
/* End PBXSourcesBuildPhase section */

/* Begin PBXVariantGroup section */
		FF66756F25A7284F00EBBD09 /* Main.storyboard */ = {
			isa = PBXVariantGroup;
			children = (
				FF66757025A7284F00EBBD09 /* Base */,
			);
			name = Main.storyboard;
			sourceTree = "<group>";
		};
		FF66757425A7285100EBBD09 /* LaunchScreen.storyboard */ = {
			isa = PBXVariantGroup;
			children = (
				FF66757525A7285100EBBD09 /* Base */,
			);
			name = LaunchScreen.storyboard;
			sourceTree = "<group>";
		};
/* End PBXVariantGroup section */

/* Begin XCBuildConfiguration section */
		FF66757825A7285100EBBD09 /* Debug */ = {
			isa = XCBuildConfiguration;
			buildSettings = {
				ALWAYS_SEARCH_USER_PATHS = NO;
				CLANG_ANALYZER_NONNULL = YES;
				CLANG_ANALYZER_NUMBER_OBJECT_CONVERSION = YES_AGGRESSIVE;
				CLANG_CXX_LANGUAGE_STANDARD = "gnu++14";
				CLANG_CXX_LIBRARY = "libc++";
				CLANG_ENABLE_MODULES = YES;
				CLANG_ENABLE_OBJC_ARC = YES;
				CLANG_ENABLE_OBJC_WEAK = YES;
				CLANG_WARN_BLOCK_CAPTURE_AUTORELEASING = YES;
				CLANG_WARN_BOOL_CONVERSION = YES;
				CLANG_WARN_COMMA = YES;
				CLANG_WARN_CONSTANT_CONVERSION = YES;
				CLANG_WARN_DEPRECATED_OBJC_IMPLEMENTATIONS = YES;
				CLANG_WARN_DIRECT_OBJC_ISA_USAGE = YES_ERROR;
				CLANG_WARN_DOCUMENTATION_COMMENTS = YES;
				CLANG_WARN_EMPTY_BODY = YES;
				CLANG_WARN_ENUM_CONVERSION = YES;
				CLANG_WARN_INFINITE_RECURSION = YES;
				CLANG_WARN_INT_CONVERSION = YES;
				CLANG_WARN_NON_LITERAL_NULL_CONVERSION = YES;
				CLANG_WARN_OBJC_IMPLICIT_RETAIN_SELF = YES;
				CLANG_WARN_OBJC_LITERAL_CONVERSION = YES;
				CLANG_WARN_OBJC_ROOT_CLASS = YES_ERROR;
				CLANG_WARN_QUOTED_INCLUDE_IN_FRAMEWORK_HEADER = YES;
				CLANG_WARN_RANGE_LOOP_ANALYSIS = YES;
				CLANG_WARN_STRICT_PROTOTYPES = YES;
				CLANG_WARN_SUSPICIOUS_MOVE = YES;
				CLANG_WARN_UNGUARDED_AVAILABILITY = YES_AGGRESSIVE;
				CLANG_WARN_UNREACHABLE_CODE = YES;
				CLANG_WARN__DUPLICATE_METHOD_MATCH = YES;
				COPY_PHASE_STRIP = NO;
				DEBUG_INFORMATION_FORMAT = dwarf;
				ENABLE_STRICT_OBJC_MSGSEND = YES;
				ENABLE_TESTABILITY = YES;
				GCC_C_LANGUAGE_STANDARD = gnu11;
				GCC_DYNAMIC_NO_PIC = NO;
				GCC_NO_COMMON_BLOCKS = YES;
				GCC_OPTIMIZATION_LEVEL = 0;
				GCC_PREPROCESSOR_DEFINITIONS = (
					"DEBUG=1",
					"$(inherited)",
				);
				GCC_WARN_64_TO_32_BIT_CONVERSION = YES;
				GCC_WARN_ABOUT_RETURN_TYPE = YES_ERROR;
				GCC_WARN_UNDECLARED_SELECTOR = YES;
				GCC_WARN_UNINITIALIZED_AUTOS = YES_AGGRESSIVE;
				GCC_WARN_UNUSED_FUNCTION = YES;
				GCC_WARN_UNUSED_VARIABLE = YES;
				IPHONEOS_DEPLOYMENT_TARGET = 14.3;
				MTL_ENABLE_DEBUG_INFO = INCLUDE_SOURCE;
				MTL_FAST_MATH = YES;
				ONLY_ACTIVE_ARCH = YES;
				SDKROOT = iphoneos;
				SWIFT_ACTIVE_COMPILATION_CONDITIONS = DEBUG;
				SWIFT_OPTIMIZATION_LEVEL = "-Onone";
			};
			name = Debug;
		};
		FF66757925A7285100EBBD09 /* Release */ = {
			isa = XCBuildConfiguration;
			buildSettings = {
				ALWAYS_SEARCH_USER_PATHS = NO;
				CLANG_ANALYZER_NONNULL = YES;
				CLANG_ANALYZER_NUMBER_OBJECT_CONVERSION = YES_AGGRESSIVE;
				CLANG_CXX_LANGUAGE_STANDARD = "gnu++14";
				CLANG_CXX_LIBRARY = "libc++";
				CLANG_ENABLE_MODULES = YES;
				CLANG_ENABLE_OBJC_ARC = YES;
				CLANG_ENABLE_OBJC_WEAK = YES;
				CLANG_WARN_BLOCK_CAPTURE_AUTORELEASING = YES;
				CLANG_WARN_BOOL_CONVERSION = YES;
				CLANG_WARN_COMMA = YES;
				CLANG_WARN_CONSTANT_CONVERSION = YES;
				CLANG_WARN_DEPRECATED_OBJC_IMPLEMENTATIONS = YES;
				CLANG_WARN_DIRECT_OBJC_ISA_USAGE = YES_ERROR;
				CLANG_WARN_DOCUMENTATION_COMMENTS = YES;
				CLANG_WARN_EMPTY_BODY = YES;
				CLANG_WARN_ENUM_CONVERSION = YES;
				CLANG_WARN_INFINITE_RECURSION = YES;
				CLANG_WARN_INT_CONVERSION = YES;
				CLANG_WARN_NON_LITERAL_NULL_CONVERSION = YES;
				CLANG_WARN_OBJC_IMPLICIT_RETAIN_SELF = YES;
				CLANG_WARN_OBJC_LITERAL_CONVERSION = YES;
				CLANG_WARN_OBJC_ROOT_CLASS = YES_ERROR;
				CLANG_WARN_QUOTED_INCLUDE_IN_FRAMEWORK_HEADER = YES;
				CLANG_WARN_RANGE_LOOP_ANALYSIS = YES;
				CLANG_WARN_STRICT_PROTOTYPES = YES;
				CLANG_WARN_SUSPICIOUS_MOVE = YES;
				CLANG_WARN_UNGUARDED_AVAILABILITY = YES_AGGRESSIVE;
				CLANG_WARN_UNREACHABLE_CODE = YES;
				CLANG_WARN__DUPLICATE_METHOD_MATCH = YES;
				COPY_PHASE_STRIP = NO;
				DEBUG_INFORMATION_FORMAT = "dwarf-with-dsym";
				ENABLE_NS_ASSERTIONS = NO;
				ENABLE_STRICT_OBJC_MSGSEND = YES;
				GCC_C_LANGUAGE_STANDARD = gnu11;
				GCC_NO_COMMON_BLOCKS = YES;
				GCC_WARN_64_TO_32_BIT_CONVERSION = YES;
				GCC_WARN_ABOUT_RETURN_TYPE = YES_ERROR;
				GCC_WARN_UNDECLARED_SELECTOR = YES;
				GCC_WARN_UNINITIALIZED_AUTOS = YES_AGGRESSIVE;
				GCC_WARN_UNUSED_FUNCTION = YES;
				GCC_WARN_UNUSED_VARIABLE = YES;
				IPHONEOS_DEPLOYMENT_TARGET = 14.3;
				MTL_ENABLE_DEBUG_INFO = NO;
				MTL_FAST_MATH = YES;
				SDKROOT = iphoneos;
				SWIFT_COMPILATION_MODE = wholemodule;
				SWIFT_OPTIMIZATION_LEVEL = "-O";
				VALIDATE_PRODUCT = YES;
			};
			name = Release;
		};
		FF66757B25A7285100EBBD09 /* Debug */ = {
			isa = XCBuildConfiguration;
			baseConfigurationReference = B9EE893C7FB67C82DD20D5C0 /* Pods-Doc Scanner.debug.xcconfig */;
			buildSettings = {
				ASSETCATALOG_COMPILER_APPICON_NAME = AppIcon;
				ASSETCATALOG_COMPILER_GLOBAL_ACCENT_COLOR_NAME = AccentColor;
				CODE_SIGN_STYLE = Automatic;
				DEVELOPMENT_TEAM = R975Y8X2C9;
				INFOPLIST_FILE = "Doc Scanner/Info.plist";
				IPHONEOS_DEPLOYMENT_TARGET = 13.0;
				LD_RUNPATH_SEARCH_PATHS = (
					"$(inherited)",
					"@executable_path/Frameworks",
				);
				PRODUCT_BUNDLE_IDENTIFIER = "com.fahimrahman.Doc-Scanner";
				PRODUCT_NAME = "$(TARGET_NAME)";
				SWIFT_VERSION = 5.0;
				TARGETED_DEVICE_FAMILY = 1;
			};
			name = Debug;
		};
		FF66757C25A7285100EBBD09 /* Release */ = {
			isa = XCBuildConfiguration;
			baseConfigurationReference = CB03E4E4E0DFD86317FD3382 /* Pods-Doc Scanner.release.xcconfig */;
			buildSettings = {
				ASSETCATALOG_COMPILER_APPICON_NAME = AppIcon;
				ASSETCATALOG_COMPILER_GLOBAL_ACCENT_COLOR_NAME = AccentColor;
				CODE_SIGN_STYLE = Automatic;
				DEVELOPMENT_TEAM = R975Y8X2C9;
				INFOPLIST_FILE = "Doc Scanner/Info.plist";
				IPHONEOS_DEPLOYMENT_TARGET = 13.0;
				LD_RUNPATH_SEARCH_PATHS = (
					"$(inherited)",
					"@executable_path/Frameworks",
				);
				PRODUCT_BUNDLE_IDENTIFIER = "com.fahimrahman.Doc-Scanner";
				PRODUCT_NAME = "$(TARGET_NAME)";
				SWIFT_VERSION = 5.0;
				TARGETED_DEVICE_FAMILY = 1;
			};
			name = Release;
		};
/* End XCBuildConfiguration section */

/* Begin XCConfigurationList section */
		FF66756125A7284F00EBBD09 /* Build configuration list for PBXProject "Doc Scanner" */ = {
			isa = XCConfigurationList;
			buildConfigurations = (
				FF66757825A7285100EBBD09 /* Debug */,
				FF66757925A7285100EBBD09 /* Release */,
			);
			defaultConfigurationIsVisible = 0;
			defaultConfigurationName = Release;
		};
		FF66757A25A7285100EBBD09 /* Build configuration list for PBXNativeTarget "Doc Scanner" */ = {
			isa = XCConfigurationList;
			buildConfigurations = (
				FF66757B25A7285100EBBD09 /* Debug */,
				FF66757C25A7285100EBBD09 /* Release */,
			);
			defaultConfigurationIsVisible = 0;
			defaultConfigurationName = Release;
		};
/* End XCConfigurationList section */
	};
	rootObject = FF66755E25A7284F00EBBD09 /* Project object */;
}
